{
  "name": "VueJS_minimal",
  "lockfileVersion": 3,
  "requires": true,
  "packages": {
    "": {
      "dependencies": {
        "vue-next": "^0.0.1"
      }
    },
    "node_modules/source-map": {
      "version": "0.7.4",
      "resolved": "https://registry.npmjs.org/source-map/-/source-map-0.7.4.tgz",
      "integrity": "sha512-l3BikUxvPOcn5E74dZiq5BGsTb5yEwhaTSzccU6t4sDOH8NWJCstKO5QT2CvtFoK6F0saL7p9xHAqHOlCPJygA==",
      "engines": {
        "node": ">= 8"
      }
    },
    "node_modules/vue-next": {
      "version": "0.0.1",
      "resolved": "https://registry.npmjs.org/vue-next/-/vue-next-0.0.1.tgz",
      "integrity": "sha512-y1ezq/cCvvCp5YqDzoOFiyiWLl+WmsMyLICGOW/y7EsENrJsJ2Uqa+sKTT2F53EF/iLx2QhU6qderjoVWU5RJw==",
      "dependencies": {
        "source-map": "^0.7.3"
      }
    }
  }
}
